{
  "name": "prepros-project",
  "version": "1.0.0",
  "lockfileVersion": 1,
  "requires": true,
  "dependencies": {
    "before-after": {
      "version": "2.0.4",
      "resolved": "https://registry.npmjs.org/before-after/-/before-after-2.0.4.tgz",
      "integrity": "sha512-x9PyRSn5lexNae39Ojpe3kt9VJXDNNQZ4KfE4X24XbBEOwkyXjROIJ7z8y0MdcewHGMi1Fq19Uxhv5MQV2irsg=="
    }
  }
}
